{
  "version": 4,
  "terraform_version": "1.4.6",
  "serial": 14,
  "lineage": "3dd65fcb-8b03-eba7-2035-9527a67dacf3",
  "outputs": {},
  "resources": [
    {
      "module": "module.cloudwatch",
      "mode": "managed",
      "type": "aws_cloudwatch_metric_alarm",
      "name": "ApiNetworkOut",
      "provider": "provider[\"registry.terraform.io/hashicorp/aws\"]",
      "instances": []
    },
    {
      "module": "module.cloudwatch",
      "mode": "managed",
      "type": "aws_cloudwatch_metric_alarm",
      "name": "EB_API_ENV_HEALTH_SEVERE",
      "provider": "provider[\"registry.terraform.io/hashicorp/aws\"]",
      "instances": []
    },
    {
      "module": "module.cloudwatch",
      "mode": "managed",
      "type": "aws_cloudwatch_metric_alarm",
      "name": "EB_API_ENV_HEALTH_WARNING",
      "provider": "provider[\"registry.terraform.io/hashicorp/aws\"]",
      "instances": []
    },
    {
      "module": "module.cloudwatch",
      "mode": "managed",
      "type": "aws_cloudwatch_metric_alarm",
      "name": "LB5xxError",
      "provider": "provider[\"registry.terraform.io/hashicorp/aws\"]",
      "instances": []
    },
    {
      "module": "module.dns_and_ssl",
      "mode": "data",
      "type": "aws_route53_zone",
      "name": "public",
      "provider": "provider[\"registry.terraform.io/hashicorp/aws\"]",
      "instances": [
        {
          "schema_version": 0,
          "attributes": {
            "arn": "arn:aws:route53:::hostedzone/Z05371531CBX9KOKF2KRN",
            "caller_reference": "2a96a19c-9745-40c7-87d8-4af265f44cc5",
            "comment": "",
            "id": "Z05371531CBX9KOKF2KRN",
            "linked_service_description": null,
            "linked_service_principal": null,
            "name": "mywebnamearthurfcebs.online",
            "name_servers": [
              "ns-261.awsdns-32.com",
              "ns-1505.awsdns-60.org",
              "ns-661.awsdns-18.net",
              "ns-1874.awsdns-42.co.uk"
            ],
            "primary_name_server": "ns-261.awsdns-32.com",
            "private_zone": false,
            "resource_record_set_count": 2,
            "tags": {},
            "vpc_id": null,
            "zone_id": "Z05371531CBX9KOKF2KRN"
          },
          "sensitive_attributes": []
        }
      ]
    },
    {
      "module": "module.dns_and_ssl",
      "mode": "managed",
      "type": "aws_acm_certificate",
      "name": "myapp",
      "provider": "provider[\"registry.terraform.io/hashicorp/aws\"]",
      "instances": [
        {
          "schema_version": 0,
          "attributes": {
            "arn": "arn:aws:acm:us-east-1:746108472597:certificate/6407c187-541b-49aa-bcb4-8958b63e43fc",
            "certificate_authority_arn": "",
            "certificate_body": null,
            "certificate_chain": null,
            "domain_name": "mywebnamearthurfcebs.online",
            "domain_validation_options": [
              {
                "domain_name": "mywebnamearthurfcebs.online",
                "resource_record_name": "_532413c3bbaddb1b4e1cb778e468108c.mywebnamearthurfcebs.online.",
                "resource_record_type": "CNAME",
                "resource_record_value": "_f3ea07ca80cd5d27acb67817674eb06f.dnzkjbsjxj.acm-validations.aws."
              }
            ],
            "early_renewal_duration": "",
            "id": "arn:aws:acm:us-east-1:746108472597:certificate/6407c187-541b-49aa-bcb4-8958b63e43fc",
            "key_algorithm": "RSA_2048",
            "not_after": "",
            "not_before": "",
            "options": [
              {
                "certificate_transparency_logging_preference": "ENABLED"
              }
            ],
            "pending_renewal": false,
            "private_key": null,
            "renewal_eligibility": "INELIGIBLE",
            "renewal_summary": [],
            "status": "PENDING_VALIDATION",
            "subject_alternative_names": [
              "mywebnamearthurfcebs.online"
            ],
            "tags": null,
            "tags_all": {},
            "type": "AMAZON_ISSUED",
            "validation_emails": [],
            "validation_method": "DNS",
            "validation_option": []
          },
          "sensitive_attributes": [],
          "private": "bnVsbA==",
          "create_before_destroy": true
        },
        {
          "deposed": "6866df3d",
          "schema_version": 0,
          "attributes": {
            "arn": "arn:aws:acm:us-east-1:746108472597:certificate/53ea83d0-7708-45e7-9378-19c8c49ddd5e",
            "certificate_authority_arn": "",
            "certificate_body": null,
            "certificate_chain": null,
            "domain_name": "mywebnameebs.click",
            "domain_validation_options": [
              {
                "domain_name": "mywebnameebs.click",
                "resource_record_name": "_36d3530de243de84942d5e80f901a32d.mywebnameebs.click.",
                "resource_record_type": "CNAME",
                "resource_record_value": "_cc9ea2a8fbe63aedf0e307f339d11874.dnzkjbsjxj.acm-validations.aws."
              }
            ],
            "early_renewal_duration": "",
            "id": "arn:aws:acm:us-east-1:746108472597:certificate/53ea83d0-7708-45e7-9378-19c8c49ddd5e",
            "key_algorithm": "RSA_2048",
            "not_after": "",
            "not_before": "",
            "options": [
              {
                "certificate_transparency_logging_preference": "ENABLED"
              }
            ],
            "pending_renewal": false,
            "private_key": null,
            "renewal_eligibility": "INELIGIBLE",
            "renewal_summary": [],
            "status": "PENDING_VALIDATION",
            "subject_alternative_names": [
              "mywebnameebs.click"
            ],
            "tags": {},
            "tags_all": {},
            "type": "AMAZON_ISSUED",
            "validation_emails": [],
            "validation_method": "DNS",
            "validation_option": []
          },
          "sensitive_attributes": [],
          "private": "bnVsbA==",
          "create_before_destroy": true
        }
      ]
    },
    {
      "module": "module.dns_and_ssl",
      "mode": "managed",
      "type": "aws_route53_record",
      "name": "cert_validation",
      "provider": "provider[\"registry.terraform.io/hashicorp/aws\"]",
      "instances": [
        {
          "schema_version": 2,
          "attributes": {
            "alias": [],
            "allow_overwrite": true,
            "cidr_routing_policy": [],
            "failover_routing_policy": [],
            "fqdn": "_532413c3bbaddb1b4e1cb778e468108c.mywebnamearthurfcebs.online",
            "geolocation_routing_policy": [],
            "health_check_id": "",
            "id": "Z05371531CBX9KOKF2KRN__532413c3bbaddb1b4e1cb778e468108c.mywebnamearthurfcebs.online._CNAME",
            "latency_routing_policy": [],
            "multivalue_answer_routing_policy": false,
            "name": "_532413c3bbaddb1b4e1cb778e468108c.mywebnamearthurfcebs.online",
            "records": [
              "_f3ea07ca80cd5d27acb67817674eb06f.dnzkjbsjxj.acm-validations.aws."
            ],
            "set_identifier": "",
            "ttl": 60,
            "type": "CNAME",
            "weighted_routing_policy": [],
            "zone_id": "Z05371531CBX9KOKF2KRN"
          },
          "sensitive_attributes": [],
          "private": "eyJzY2hlbWFfdmVyc2lvbiI6IjIifQ==",
          "dependencies": [
            "module.dns_and_ssl.aws_acm_certificate.myapp",
            "module.dns_and_ssl.data.aws_route53_zone.public"
          ]
        }
      ]
    },
    {
      "module": "module.dns_and_ssl",
      "mode": "managed",
      "type": "aws_route53_record",
      "name": "myapp",
      "provider": "provider[\"registry.terraform.io/hashicorp/aws\"]",
      "instances": []
    },
    {
      "module": "module.eb",
      "mode": "data",
      "type": "aws_elastic_beanstalk_hosted_zone",
      "name": "current",
      "provider": "provider[\"registry.terraform.io/hashicorp/aws\"]",
      "instances": [
        {
          "schema_version": 0,
          "attributes": {
            "id": "Z117KPS5GTRQ2G",
            "region": "us-east-1"
          },
          "sensitive_attributes": []
        }
      ]
    },
    {
      "module": "module.eb",
      "mode": "data",
      "type": "aws_elastic_beanstalk_solution_stack",
      "name": "php_latest",
      "provider": "provider[\"registry.terraform.io/hashicorp/aws\"]",
      "instances": [
        {
          "schema_version": 0,
          "attributes": {
            "id": "64bit Amazon Linux 2 v3.5.7 running PHP 8.0",
            "most_recent": true,
            "name": "64bit Amazon Linux 2 v3.5.7 running PHP 8.0",
            "name_regex": "^64bit Amazon Linux (.*) running PHP 8.0$"
          },
          "sensitive_attributes": []
        }
      ]
    },
    {
      "module": "module.eb",
      "mode": "data",
      "type": "aws_lb",
      "name": "eb_lb",
      "provider": "provider[\"registry.terraform.io/hashicorp/aws\"]",
      "instances": []
    },
    {
      "module": "module.eb",
      "mode": "managed",
      "type": "aws_elastic_beanstalk_application",
      "name": "elasticapp",
      "provider": "provider[\"registry.terraform.io/hashicorp/aws\"]",
      "instances": [
        {
          "schema_version": 0,
          "attributes": {
            "appversion_lifecycle": [],
            "arn": "arn:aws:elasticbeanstalk:us-east-1:746108472597:application/mywebnamearthurfcebs_app",
            "description": "",
            "id": "mywebnamearthurfcebs_app",
            "name": "mywebnamearthurfcebs_app",
            "tags": null,
            "tags_all": {}
          },
          "sensitive_attributes": [],
          "private": "bnVsbA=="
        }
      ]
    },
    {
      "module": "module.eb",
      "mode": "managed",
      "type": "aws_lb_listener",
      "name": "https_redirect",
      "provider": "provider[\"registry.terraform.io/hashicorp/aws\"]",
      "instances": []
    },
    {
      "module": "module.eb",
      "mode": "managed",
      "type": "aws_security_group_rule",
      "name": "allow_80",
      "provider": "provider[\"registry.terraform.io/hashicorp/aws\"]",
      "instances": []
    }
  ],
  "check_results": null
}
